
Microsoft Visual Studio Solution File, Format Version 12.00
Project("{FAE04EC0-301F-11D3-BF4B-00C04F79EFBC}") = "Dashome.Api", "Dashome.Api\Dashome.Api.csproj", "{8EE580FF-E998-491E-BF80-BA0795A98C59}"
EndProject
Project("{2150E333-8FDC-42A3-9474-1A3956D46DE8}") = "01 - Presentation", "01 - Presentation", "{94E31C40-19AA-4629-B7FD-151F0AD44B6B}"
EndProject
Project("{2150E333-8FDC-42A3-9474-1A3956D46DE8}") = "02 - Core", "02 - Core", "{FC188E8B-9DBD-42BE-9595-1CBA57AB94D0}"
EndProject
Project("{2150E333-8FDC-42A3-9474-1A3956D46DE8}") = "03 - Infra", "03 - Infra", "{23D82A7D-2179-43B6-8942-84C2193DC01A}"
EndProject
Project("{FAE04EC0-301F-11D3-BF4B-00C04F79EFBC}") = "Dashome.Core", "Dashome.Core\Dashome.Core.csproj", "{286BDCDB-596A-45D2-90B3-C34AB083C7FE}"
EndProject
Project("{FAE04EC0-301F-11D3-BF4B-00C04F79EFBC}") = "Dashome.Application", "Dashome.Application\Dashome.Application.csproj", "{833CE817-5ECB-4698-9822-6976C23AF4E0}"
EndProject
Project("{FAE04EC0-301F-11D3-BF4B-00C04F79EFBC}") = "Dashome.Infrastructure", "Dashome.Infrastructure\Dashome.Infrastructure.csproj", "{A0120CAC-6AD2-4D84-9DAB-46C4CCAF9FBC}"
EndProject
Project("{FAE04EC0-301F-11D3-BF4B-00C04F79EFBC}") = "Dashome.Domain", "Dashome.Domain\Dashome.Domain.csproj", "{6E4FB5EB-492B-4B08-A3B6-67A6B35D21B8}"
EndProject
Project("{FAE04EC0-301F-11D3-BF4B-00C04F79EFBC}") = "Dashome.Auth", "Dashome.Auth\Dashome.Auth.csproj", "{3356FBB5-789A-402D-A4F0-1383C6FEA576}"
EndProject
Project("{FAE04EC0-301F-11D3-BF4B-00C04F79EFBC}") = "Dashome.Auth.Jwt", "Dashome.Auth.Jwt\Dashome.Auth.Jwt.csproj", "{BB79F614-269E-4C75-8236-C9B439CECDBF}"
EndProject
Project("{FAE04EC0-301F-11D3-BF4B-00C04F79EFBC}") = "Dashome.Auth.Oidc", "Dashome.Auth.Oidc\Dashome.Auth.Oidc.csproj", "{29C3DDE7-ED6F-4FF2-BEF5-0B081366DFA3}"
EndProject
Global
	GlobalSection(SolutionConfigurationPlatforms) = preSolution
		Debug|Any CPU = Debug|Any CPU
		Release|Any CPU = Release|Any CPU
	EndGlobalSection
	GlobalSection(ProjectConfigurationPlatforms) = postSolution
		{8EE580FF-E998-491E-BF80-BA0795A98C59}.Debug|Any CPU.ActiveCfg = Debug|Any CPU
		{8EE580FF-E998-491E-BF80-BA0795A98C59}.Debug|Any CPU.Build.0 = Debug|Any CPU
		{8EE580FF-E998-491E-BF80-BA0795A98C59}.Release|Any CPU.ActiveCfg = Release|Any CPU
		{8EE580FF-E998-491E-BF80-BA0795A98C59}.Release|Any CPU.Build.0 = Release|Any CPU
		{286BDCDB-596A-45D2-90B3-C34AB083C7FE}.Debug|Any CPU.ActiveCfg = Debug|Any CPU
		{286BDCDB-596A-45D2-90B3-C34AB083C7FE}.Debug|Any CPU.Build.0 = Debug|Any CPU
		{286BDCDB-596A-45D2-90B3-C34AB083C7FE}.Release|Any CPU.ActiveCfg = Release|Any CPU
		{286BDCDB-596A-45D2-90B3-C34AB083C7FE}.Release|Any CPU.Build.0 = Release|Any CPU
		{833CE817-5ECB-4698-9822-6976C23AF4E0}.Debug|Any CPU.ActiveCfg = Debug|Any CPU
		{833CE817-5ECB-4698-9822-6976C23AF4E0}.Debug|Any CPU.Build.0 = Debug|Any CPU
		{833CE817-5ECB-4698-9822-6976C23AF4E0}.Release|Any CPU.ActiveCfg = Release|Any CPU
		{833CE817-5ECB-4698-9822-6976C23AF4E0}.Release|Any CPU.Build.0 = Release|Any CPU
		{A0120CAC-6AD2-4D84-9DAB-46C4CCAF9FBC}.Debug|Any CPU.ActiveCfg = Debug|Any CPU
		{A0120CAC-6AD2-4D84-9DAB-46C4CCAF9FBC}.Debug|Any CPU.Build.0 = Debug|Any CPU
		{A0120CAC-6AD2-4D84-9DAB-46C4CCAF9FBC}.Release|Any CPU.ActiveCfg = Release|Any CPU
		{A0120CAC-6AD2-4D84-9DAB-46C4CCAF9FBC}.Release|Any CPU.Build.0 = Release|Any CPU
		{6E4FB5EB-492B-4B08-A3B6-67A6B35D21B8}.Debug|Any CPU.ActiveCfg = Debug|Any CPU
		{6E4FB5EB-492B-4B08-A3B6-67A6B35D21B8}.Debug|Any CPU.Build.0 = Debug|Any CPU
		{6E4FB5EB-492B-4B08-A3B6-67A6B35D21B8}.Release|Any CPU.ActiveCfg = Release|Any CPU
		{6E4FB5EB-492B-4B08-A3B6-67A6B35D21B8}.Release|Any CPU.Build.0 = Release|Any CPU
		{3356FBB5-789A-402D-A4F0-1383C6FEA576}.Debug|Any CPU.ActiveCfg = Debug|Any CPU
		{3356FBB5-789A-402D-A4F0-1383C6FEA576}.Debug|Any CPU.Build.0 = Debug|Any CPU
		{3356FBB5-789A-402D-A4F0-1383C6FEA576}.Release|Any CPU.ActiveCfg = Release|Any CPU
		{3356FBB5-789A-402D-A4F0-1383C6FEA576}.Release|Any CPU.Build.0 = Release|Any CPU
		{BB79F614-269E-4C75-8236-C9B439CECDBF}.Debug|Any CPU.ActiveCfg = Debug|Any CPU
		{BB79F614-269E-4C75-8236-C9B439CECDBF}.Debug|Any CPU.Build.0 = Debug|Any CPU
		{BB79F614-269E-4C75-8236-C9B439CECDBF}.Release|Any CPU.ActiveCfg = Release|Any CPU
		{BB79F614-269E-4C75-8236-C9B439CECDBF}.Release|Any CPU.Build.0 = Release|Any CPU
		{29C3DDE7-ED6F-4FF2-BEF5-0B081366DFA3}.Debug|Any CPU.ActiveCfg = Debug|Any CPU
		{29C3DDE7-ED6F-4FF2-BEF5-0B081366DFA3}.Debug|Any CPU.Build.0 = Debug|Any CPU
		{29C3DDE7-ED6F-4FF2-BEF5-0B081366DFA3}.Release|Any CPU.ActiveCfg = Release|Any CPU
		{29C3DDE7-ED6F-4FF2-BEF5-0B081366DFA3}.Release|Any CPU.Build.0 = Release|Any CPU
	EndGlobalSection
	GlobalSection(NestedProjects) = preSolution
		{8EE580FF-E998-491E-BF80-BA0795A98C59} = {94E31C40-19AA-4629-B7FD-151F0AD44B6B}
		{286BDCDB-596A-45D2-90B3-C34AB083C7FE} = {FC188E8B-9DBD-42BE-9595-1CBA57AB94D0}
		{833CE817-5ECB-4698-9822-6976C23AF4E0} = {FC188E8B-9DBD-42BE-9595-1CBA57AB94D0}
		{A0120CAC-6AD2-4D84-9DAB-46C4CCAF9FBC} = {23D82A7D-2179-43B6-8942-84C2193DC01A}
		{6E4FB5EB-492B-4B08-A3B6-67A6B35D21B8} = {FC188E8B-9DBD-42BE-9595-1CBA57AB94D0}
		{3356FBB5-789A-402D-A4F0-1383C6FEA576} = {FC188E8B-9DBD-42BE-9595-1CBA57AB94D0}
		{BB79F614-269E-4C75-8236-C9B439CECDBF} = {FC188E8B-9DBD-42BE-9595-1CBA57AB94D0}
		{29C3DDE7-ED6F-4FF2-BEF5-0B081366DFA3} = {FC188E8B-9DBD-42BE-9595-1CBA57AB94D0}
	EndGlobalSection
EndGlobal
